
Microsoft Visual Studio Solution File, Format Version 12.00
# Visual Studio Version 16
VisualStudioVersion = 16.0.31112.23
MinimumVisualStudioVersion = 10.0.40219.1
Project("{9A19103F-16F7-4668-BE54-9A1E7A4F7556}") = "WebApp", "Register.WebApp\WebApp.csproj", "{929399B9-DF44-4DA4-8FA3-516F60C3B910}"
EndProject
Project("{9A19103F-16F7-4668-BE54-9A1E7A4F7556}") = "Core", "Register.Core\Core.csproj", "{37A3ADCE-EAB9-4288-8DA0-821FFC5EAA04}"
EndProject
Project("{FAE04EC0-301F-11D3-BF4B-00C04F79EFBC}") = "Boundaries.Persistence", "Boundaries.Persistence\Boundaries.Persistence.csproj", "{1D949896-E85B-4FA8-B30A-25CD78C8BDB3}"
EndProject
Global
	GlobalSection(SolutionConfigurationPlatforms) = preSolution
		Debug|Any CPU = Debug|Any CPU
		Release|Any CPU = Release|Any CPU
	EndGlobalSection
	GlobalSection(ProjectConfigurationPlatforms) = postSolution
		{929399B9-DF44-4DA4-8FA3-516F60C3B910}.Debug|Any CPU.ActiveCfg = Debug|Any CPU
		{929399B9-DF44-4DA4-8FA3-516F60C3B910}.Debug|Any CPU.Build.0 = Debug|Any CPU
		{929399B9-DF44-4DA4-8FA3-516F60C3B910}.Release|Any CPU.ActiveCfg = Release|Any CPU
		{929399B9-DF44-4DA4-8FA3-516F60C3B910}.Release|Any CPU.Build.0 = Release|Any CPU
		{37A3ADCE-EAB9-4288-8DA0-821FFC5EAA04}.Debug|Any CPU.ActiveCfg = Debug|Any CPU
		{37A3ADCE-EAB9-4288-8DA0-821FFC5EAA04}.Debug|Any CPU.Build.0 = Debug|Any CPU
		{37A3ADCE-EAB9-4288-8DA0-821FFC5EAA04}.Release|Any CPU.ActiveCfg = Release|Any CPU
		{37A3ADCE-EAB9-4288-8DA0-821FFC5EAA04}.Release|Any CPU.Build.0 = Release|Any CPU
		{1D949896-E85B-4FA8-B30A-25CD78C8BDB3}.Debug|Any CPU.ActiveCfg = Debug|Any CPU
		{1D949896-E85B-4FA8-B30A-25CD78C8BDB3}.Debug|Any CPU.Build.0 = Debug|Any CPU
		{1D949896-E85B-4FA8-B30A-25CD78C8BDB3}.Release|Any CPU.ActiveCfg = Release|Any CPU
		{1D949896-E85B-4FA8-B30A-25CD78C8BDB3}.Release|Any CPU.Build.0 = Release|Any CPU
	EndGlobalSection
	GlobalSection(SolutionProperties) = preSolution
		HideSolutionNode = FALSE
	EndGlobalSection
	GlobalSection(ExtensibilityGlobals) = postSolution
		SolutionGuid = {14F58BC5-58EB-4EFF-BEAD-3DC015FF2C03}
	EndGlobalSection
EndGlobal
